
Microsoft Visual Studio Solution File, Format Version 12.00
# Visual Studio 2013
VisualStudioVersion = 12.0.30501.0
MinimumVisualStudioVersion = 10.0.40219.1
Project("{FAE04EC0-301F-11D3-BF4B-00C04F79EFBC}") = "Decorator", "Decorator\Decorator.csproj", "{120D074F-4D6B-4411-9AA3-08F3A2B6EEA3}"
EndProject
Project("{FAE04EC0-301F-11D3-BF4B-00C04F79EFBC}") = "Proxy", "Proxy\Proxy.csproj", "{D38E9078-5ECB-4F6D-AC0C-E8861D23D825}"
EndProject
Project("{FAE04EC0-301F-11D3-BF4B-00C04F79EFBC}") = "Bridge", "Bridge\Bridge.csproj", "{669DAE0C-6EE9-4463-AE9C-5344D6E2482C}"
EndProject
Project("{FAE04EC0-301F-11D3-BF4B-00C04F79EFBC}") = "Composition", "Composition\Composition.csproj", "{645002A3-7C3A-455D-87C6-21BC99A0557E}"
EndProject
Project("{FAE04EC0-301F-11D3-BF4B-00C04F79EFBC}") = "Flyweight", "Flyweight\Flyweight.csproj", "{C00298D4-FFC7-412D-AC1E-994438DF4BA8}"
EndProject
Global
	GlobalSection(SolutionConfigurationPlatforms) = preSolution
		Debug|Any CPU = Debug|Any CPU
		Release|Any CPU = Release|Any CPU
	EndGlobalSection
	GlobalSection(ProjectConfigurationPlatforms) = postSolution
		{120D074F-4D6B-4411-9AA3-08F3A2B6EEA3}.Debug|Any CPU.ActiveCfg = Debug|Any CPU
		{120D074F-4D6B-4411-9AA3-08F3A2B6EEA3}.Debug|Any CPU.Build.0 = Debug|Any CPU
		{120D074F-4D6B-4411-9AA3-08F3A2B6EEA3}.Release|Any CPU.ActiveCfg = Release|Any CPU
		{120D074F-4D6B-4411-9AA3-08F3A2B6EEA3}.Release|Any CPU.Build.0 = Release|Any CPU
		{D38E9078-5ECB-4F6D-AC0C-E8861D23D825}.Debug|Any CPU.ActiveCfg = Debug|Any CPU
		{D38E9078-5ECB-4F6D-AC0C-E8861D23D825}.Debug|Any CPU.Build.0 = Debug|Any CPU
		{D38E9078-5ECB-4F6D-AC0C-E8861D23D825}.Release|Any CPU.ActiveCfg = Release|Any CPU
		{D38E9078-5ECB-4F6D-AC0C-E8861D23D825}.Release|Any CPU.Build.0 = Release|Any CPU
		{669DAE0C-6EE9-4463-AE9C-5344D6E2482C}.Debug|Any CPU.ActiveCfg = Debug|Any CPU
		{669DAE0C-6EE9-4463-AE9C-5344D6E2482C}.Debug|Any CPU.Build.0 = Debug|Any CPU
		{669DAE0C-6EE9-4463-AE9C-5344D6E2482C}.Release|Any CPU.ActiveCfg = Release|Any CPU
		{669DAE0C-6EE9-4463-AE9C-5344D6E2482C}.Release|Any CPU.Build.0 = Release|Any CPU
		{645002A3-7C3A-455D-87C6-21BC99A0557E}.Debug|Any CPU.ActiveCfg = Debug|Any CPU
		{645002A3-7C3A-455D-87C6-21BC99A0557E}.Debug|Any CPU.Build.0 = Debug|Any CPU
		{645002A3-7C3A-455D-87C6-21BC99A0557E}.Release|Any CPU.ActiveCfg = Release|Any CPU
		{645002A3-7C3A-455D-87C6-21BC99A0557E}.Release|Any CPU.Build.0 = Release|Any CPU
		{C00298D4-FFC7-412D-AC1E-994438DF4BA8}.Debug|Any CPU.ActiveCfg = Debug|Any CPU
		{C00298D4-FFC7-412D-AC1E-994438DF4BA8}.Debug|Any CPU.Build.0 = Debug|Any CPU
		{C00298D4-FFC7-412D-AC1E-994438DF4BA8}.Release|Any CPU.ActiveCfg = Release|Any CPU
		{C00298D4-FFC7-412D-AC1E-994438DF4BA8}.Release|Any CPU.Build.0 = Release|Any CPU
	EndGlobalSection
	GlobalSection(SolutionProperties) = preSolution
		HideSolutionNode = FALSE
	EndGlobalSection
EndGlobal
